
Microsoft Visual Studio Solution File, Format Version 12.00
# Visual Studio 14
VisualStudioVersion = 14.0.25420.1
MinimumVisualStudioVersion = 10.0.40219.1
Project("{CC5FD16D-436D-48AD-A40C-5A424C6E3E79}") = "DemoCSWebApp", "DemoCSWebApp\DemoCSWebApp.ccproj", "{29247492-51BF-4947-8D5E-D98DF3B1CF0E}"
EndProject
Project("{FAE04EC0-301F-11D3-BF4B-00C04F79EFBC}") = "WebRole1", "WebRole1\WebRole1.csproj", "{3C29C39B-4C40-4011-AEE9-DE404A4F8D82}"
EndProject
Project("{FAE04EC0-301F-11D3-BF4B-00C04F79EFBC}") = "Common.Helpers", "Common.Helpers\Common.Helpers.csproj", "{8D354B4F-2E4A-4A03-B4B9-0AF9E77A81F3}"
EndProject
Project("{FAE04EC0-301F-11D3-BF4B-00C04F79EFBC}") = "WorkerRole1", "WorkerRole1\WorkerRole1.csproj", "{C27418BF-844F-44D6-AEA4-2AA91975A524}"
EndProject
Global
	GlobalSection(SolutionConfigurationPlatforms) = preSolution
		Debug|Any CPU = Debug|Any CPU
		Release|Any CPU = Release|Any CPU
	EndGlobalSection
	GlobalSection(ProjectConfigurationPlatforms) = postSolution
		{29247492-51BF-4947-8D5E-D98DF3B1CF0E}.Debug|Any CPU.ActiveCfg = Debug|Any CPU
		{29247492-51BF-4947-8D5E-D98DF3B1CF0E}.Debug|Any CPU.Build.0 = Debug|Any CPU
		{29247492-51BF-4947-8D5E-D98DF3B1CF0E}.Release|Any CPU.ActiveCfg = Release|Any CPU
		{29247492-51BF-4947-8D5E-D98DF3B1CF0E}.Release|Any CPU.Build.0 = Release|Any CPU
		{3C29C39B-4C40-4011-AEE9-DE404A4F8D82}.Debug|Any CPU.ActiveCfg = Debug|Any CPU
		{3C29C39B-4C40-4011-AEE9-DE404A4F8D82}.Debug|Any CPU.Build.0 = Debug|Any CPU
		{3C29C39B-4C40-4011-AEE9-DE404A4F8D82}.Release|Any CPU.ActiveCfg = Release|Any CPU
		{3C29C39B-4C40-4011-AEE9-DE404A4F8D82}.Release|Any CPU.Build.0 = Release|Any CPU
		{8D354B4F-2E4A-4A03-B4B9-0AF9E77A81F3}.Debug|Any CPU.ActiveCfg = Debug|Any CPU
		{8D354B4F-2E4A-4A03-B4B9-0AF9E77A81F3}.Debug|Any CPU.Build.0 = Debug|Any CPU
		{8D354B4F-2E4A-4A03-B4B9-0AF9E77A81F3}.Release|Any CPU.ActiveCfg = Release|Any CPU
		{8D354B4F-2E4A-4A03-B4B9-0AF9E77A81F3}.Release|Any CPU.Build.0 = Release|Any CPU
		{C27418BF-844F-44D6-AEA4-2AA91975A524}.Debug|Any CPU.ActiveCfg = Debug|Any CPU
		{C27418BF-844F-44D6-AEA4-2AA91975A524}.Debug|Any CPU.Build.0 = Debug|Any CPU
		{C27418BF-844F-44D6-AEA4-2AA91975A524}.Release|Any CPU.ActiveCfg = Release|Any CPU
		{C27418BF-844F-44D6-AEA4-2AA91975A524}.Release|Any CPU.Build.0 = Release|Any CPU
	EndGlobalSection
	GlobalSection(SolutionProperties) = preSolution
		HideSolutionNode = FALSE
	EndGlobalSection
EndGlobal
